
Microsoft Visual Studio Solution File, Format Version 12.00
# Visual Studio Version 17
VisualStudioVersion = 17.0.31903.59
MinimumVisualStudioVersion = 10.0.40219.1
Project("{9A19103F-16F7-4668-BE54-9A1E7A4F7556}") = "PrisonersDilemma.Runner", "PrisonersDilemma.Host\PrisonersDilemma.Runner.csproj", "{D15F94F3-F7FC-4766-B411-27416D28718C}"
EndProject
Project("{FAE04EC0-301F-11D3-BF4B-00C04F79EFBC}") = "PrisonersDilemma.Tests", "PrisonersDilemma.Tests\PrisonersDilemma.Tests.csproj", "{8C757428-0A63-470B-9AE2-259463D78F47}"
EndProject
Global
	GlobalSection(SolutionConfigurationPlatforms) = preSolution
		Debug|Any CPU = Debug|Any CPU
		Release|Any CPU = Release|Any CPU
	EndGlobalSection
	GlobalSection(ProjectConfigurationPlatforms) = postSolution
		{D15F94F3-F7FC-4766-B411-27416D28718C}.Debug|Any CPU.ActiveCfg = Debug|Any CPU
		{D15F94F3-F7FC-4766-B411-27416D28718C}.Debug|Any CPU.Build.0 = Debug|Any CPU
		{D15F94F3-F7FC-4766-B411-27416D28718C}.Release|Any CPU.ActiveCfg = Release|Any CPU
		{D15F94F3-F7FC-4766-B411-27416D28718C}.Release|Any CPU.Build.0 = Release|Any CPU
		{8C757428-0A63-470B-9AE2-259463D78F47}.Debug|Any CPU.ActiveCfg = Debug|Any CPU
		{8C757428-0A63-470B-9AE2-259463D78F47}.Debug|Any CPU.Build.0 = Debug|Any CPU
		{8C757428-0A63-470B-9AE2-259463D78F47}.Release|Any CPU.ActiveCfg = Release|Any CPU
		{8C757428-0A63-470B-9AE2-259463D78F47}.Release|Any CPU.Build.0 = Release|Any CPU
	EndGlobalSection
	GlobalSection(SolutionProperties) = preSolution
		HideSolutionNode = FALSE
	EndGlobalSection
	GlobalSection(ExtensibilityGlobals) = postSolution
		SolutionGuid = {63672771-C465-4275-91B6-3490F95B7D69}
	EndGlobalSection
EndGlobal
